// !$*UTF8*$!
{
	archiveVersion = 1;
	classes = {
	};
	objectVersion = 50;
	objects = {

/* Begin PBXBuildFile section */
		15C0D12922E70B3B003A7E3B /* Card.m in Sources */ = {isa = PBXBuildFile; fileRef = 15C0D12822E70B3B003A7E3B /* Card.m */; };
		15C0D12C22E70D6D003A7E3B /* Deck.m in Sources */ = {isa = PBXBuildFile; fileRef = 15C0D12B22E70D6D003A7E3B /* Deck.m */; };
		15CECD1622E7052500991091 /* AppDelegate.m in Sources */ = {isa = PBXBuildFile; fileRef = 15CECD1522E7052500991091 /* AppDelegate.m */; };
		15CECD1922E7052500991091 /* ViewController.m in Sources */ = {isa = PBXBuildFile; fileRef = 15CECD1822E7052500991091 /* ViewController.m */; };
		15CECD1C22E7052500991091 /* Main.storyboard in Resources */ = {isa = PBXBuildFile; fileRef = 15CECD1A22E7052500991091 /* Main.storyboard */; };
		15CECD1E22E7052600991091 /* Assets.xcassets in Resources */ = {isa = PBXBuildFile; fileRef = 15CECD1D22E7052600991091 /* Assets.xcassets */; };
		15CECD2122E7052600991091 /* LaunchScreen.storyboard in Resources */ = {isa = PBXBuildFile; fileRef = 15CECD1F22E7052600991091 /* LaunchScreen.storyboard */; };
		15CECD2422E7052600991091 /* main.m in Sources */ = {isa = PBXBuildFile; fileRef = 15CECD2322E7052600991091 /* main.m */; };
		A1AD01F922EB49410047DCF8 /* PlayingCard.m in Sources */ = {isa = PBXBuildFile; fileRef = A1AD01F822EB49410047DCF8 /* PlayingCard.m */; };
		A1D3C99B22EC0A400039D8C4 /* PlayingCardDeck.m in Sources */ = {isa = PBXBuildFile; fileRef = A1D3C99A22EC0A400039D8C4 /* PlayingCardDeck.m */; };
/* End PBXBuildFile section */

/* Begin PBXFileReference section */
		15C0D12722E70B3B003A7E3B /* Card.h */ = {isa = PBXFileReference; lastKnownFileType = sourcecode.c.h; path = Card.h; sourceTree = "<group>"; };
		15C0D12822E70B3B003A7E3B /* Card.m */ = {isa = PBXFileReference; lastKnownFileType = sourcecode.c.objc; path = Card.m; sourceTree = "<group>"; };
		15C0D12A22E70D6D003A7E3B /* Deck.h */ = {isa = PBXFileReference; lastKnownFileType = sourcecode.c.h; path = Deck.h; sourceTree = "<group>"; };
		15C0D12B22E70D6D003A7E3B /* Deck.m */ = {isa = PBXFileReference; lastKnownFileType = sourcecode.c.objc; path = Deck.m; sourceTree = "<group>"; };
		15CECD1122E7052400991091 /* PlayingCard.app */ = {isa = PBXFileReference; explicitFileType = wrapper.application; includeInIndex = 0; path = PlayingCard.app; sourceTree = BUILT_PRODUCTS_DIR; };
		15CECD1422E7052500991091 /* AppDelegate.h */ = {isa = PBXFileReference; lastKnownFileType = sourcecode.c.h; path = AppDelegate.h; sourceTree = "<group>"; };
		15CECD1522E7052500991091 /* AppDelegate.m */ = {isa = PBXFileReference; lastKnownFileType = sourcecode.c.objc; path = AppDelegate.m; sourceTree = "<group>"; };
		15CECD1722E7052500991091 /* ViewController.h */ = {isa = PBXFileReference; lastKnownFileType = sourcecode.c.h; path = ViewController.h; sourceTree = "<group>"; };
		15CECD1822E7052500991091 /* ViewController.m */ = {isa = PBXFileReference; lastKnownFileType = sourcecode.c.objc; path = ViewController.m; sourceTree = "<group>"; };
		15CECD1B22E7052500991091 /* Base */ = {isa = PBXFileReference; lastKnownFileType = file.storyboard; name = Base; path = Base.lproj/Main.storyboard; sourceTree = "<group>"; };
		15CECD1D22E7052600991091 /* Assets.xcassets */ = {isa = PBXFileReference; lastKnownFileType = folder.assetcatalog; path = Assets.xcassets; sourceTree = "<group>"; };
		15CECD2022E7052600991091 /* Base */ = {isa = PBXFileReference; lastKnownFileType = file.storyboard; name = Base; path = Base.lproj/LaunchScreen.storyboard; sourceTree = "<group>"; };
		15CECD2222E7052600991091 /* Info.plist */ = {isa = PBXFileReference; lastKnownFileType = text.plist.xml; path = Info.plist; sourceTree = "<group>"; };
		15CECD2322E7052600991091 /* main.m */ = {isa = PBXFileReference; lastKnownFileType = sourcecode.c.objc; path = main.m; sourceTree = "<group>"; };
		A1AD01F722EB49410047DCF8 /* PlayingCard.h */ = {isa = PBXFileReference; lastKnownFileType = sourcecode.c.h; path = PlayingCard.h; sourceTree = "<group>"; };
		A1AD01F822EB49410047DCF8 /* PlayingCard.m */ = {isa = PBXFileReference; lastKnownFileType = sourcecode.c.objc; path = PlayingCard.m; sourceTree = "<group>"; };
		A1D3C99922EC0A400039D8C4 /* PlayingCardDeck.h */ = {isa = PBXFileReference; lastKnownFileType = sourcecode.c.h; path = PlayingCardDeck.h; sourceTree = "<group>"; };
		A1D3C99A22EC0A400039D8C4 /* PlayingCardDeck.m */ = {isa = PBXFileReference; lastKnownFileType = sourcecode.c.objc; path = PlayingCardDeck.m; sourceTree = "<group>"; };
/* End PBXFileReference section */

/* Begin PBXFrameworksBuildPhase section */
		15CECD0E22E7052400991091 /* Frameworks */ = {
			isa = PBXFrameworksBuildPhase;
			buildActionMask = 2147483647;
			files = (
			);
			runOnlyForDeploymentPostprocessing = 0;
		};
/* End PBXFrameworksBuildPhase section */

/* Begin PBXGroup section */
		15CECD0822E7052400991091 = {
			isa = PBXGroup;
			children = (
				15CECD1322E7052500991091 /* PlayingCard */,
				15CECD1222E7052400991091 /* Products */,
			);
			sourceTree = "<group>";
		};
		15CECD1222E7052400991091 /* Products */ = {
			isa = PBXGroup;
			children = (
				15CECD1122E7052400991091 /* PlayingCard.app */,
			);
			name = Products;
			sourceTree = "<group>";
		};
		15CECD1322E7052500991091 /* PlayingCard */ = {
			isa = PBXGroup;
			children = (
				15CECD1422E7052500991091 /* AppDelegate.h */,
				15CECD1522E7052500991091 /* AppDelegate.m */,
				15CECD1722E7052500991091 /* ViewController.h */,
				15CECD1822E7052500991091 /* ViewController.m */,
				15CECD1A22E7052500991091 /* Main.storyboard */,
				15CECD1D22E7052600991091 /* Assets.xcassets */,
				15CECD1F22E7052600991091 /* LaunchScreen.storyboard */,
				15CECD2222E7052600991091 /* Info.plist */,
				15CECD2322E7052600991091 /* main.m */,
				15C0D12722E70B3B003A7E3B /* Card.h */,
				15C0D12822E70B3B003A7E3B /* Card.m */,
				15C0D12A22E70D6D003A7E3B /* Deck.h */,
				15C0D12B22E70D6D003A7E3B /* Deck.m */,
				A1AD01F722EB49410047DCF8 /* PlayingCard.h */,
				A1AD01F822EB49410047DCF8 /* PlayingCard.m */,
				A1D3C99922EC0A400039D8C4 /* PlayingCardDeck.h */,
				A1D3C99A22EC0A400039D8C4 /* PlayingCardDeck.m */,
			);
			path = PlayingCard;
			sourceTree = "<group>";
		};
/* End PBXGroup section */

/* Begin PBXNativeTarget section */
		15CECD1022E7052400991091 /* PlayingCard */ = {
			isa = PBXNativeTarget;
			buildConfigurationList = 15CECD2722E7052600991091 /* Build configuration list for PBXNativeTarget "PlayingCard" */;
			buildPhases = (
				15CECD0D22E7052400991091 /* Sources */,
				15CECD0E22E7052400991091 /* Frameworks */,
				15CECD0F22E7052400991091 /* Resources */,
			);
			buildRules = (
			);
			dependencies = (
			);
			name = PlayingCard;
			productName = PlayingCard;
			productReference = 15CECD1122E7052400991091 /* PlayingCard.app */;
			productType = "com.apple.product-type.application";
		};
/* End PBXNativeTarget section */

/* Begin PBXProject section */
		15CECD0922E7052400991091 /* Project object */ = {
			isa = PBXProject;
			attributes = {
				LastUpgradeCheck = 1030;
				ORGANIZATIONNAME = dianyi;
				TargetAttributes = {
					15CECD1022E7052400991091 = {
						CreatedOnToolsVersion = 10.3;
					};
				};
			};
			buildConfigurationList = 15CECD0C22E7052400991091 /* Build configuration list for PBXProject "PlayingCard" */;
			compatibilityVersion = "Xcode 9.3";
			developmentRegion = en;
			hasScannedForEncodings = 0;
			knownRegions = (
				en,
				Base,
			);
			mainGroup = 15CECD0822E7052400991091;
			productRefGroup = 15CECD1222E7052400991091 /* Products */;
			projectDirPath = "";
			projectRoot = "";
			targets = (
				15CECD1022E7052400991091 /* PlayingCard */,
			);
		};
/* End PBXProject section */

/* Begin PBXResourcesBuildPhase section */
		15CECD0F22E7052400991091 /* Resources */ = {
			isa = PBXResourcesBuildPhase;
			buildActionMask = 2147483647;
			files = (
				15CECD2122E7052600991091 /* LaunchScreen.storyboard in Resources */,
				15CECD1E22E7052600991091 /* Assets.xcassets in Resources */,
				15CECD1C22E7052500991091 /* Main.storyboard in Resources */,
			);
			runOnlyForDeploymentPostprocessing = 0;
		};
/* End PBXResourcesBuildPhase section */

/* Begin PBXSourcesBuildPhase section */
		15CECD0D22E7052400991091 /* Sources */ = {
			isa = PBXSourcesBuildPhase;
			buildActionMask = 2147483647;
			files = (
				A1AD01F922EB49410047DCF8 /* PlayingCard.m in Sources */,
				15C0D12C22E70D6D003A7E3B /* Deck.m in Sources */,
				15CECD1922E7052500991091 /* ViewController.m in Sources */,
				15CECD2422E7052600991091 /* main.m in Sources */,
				A1D3C99B22EC0A400039D8C4 /* PlayingCardDeck.m in Sources */,
				15CECD1622E7052500991091 /* AppDelegate.m in Sources */,
				15C0D12922E70B3B003A7E3B /* Card.m in Sources */,
			);
			runOnlyForDeploymentPostprocessing = 0;
		};
/* End PBXSourcesBuildPhase section */

/* Begin PBXVariantGroup section */
		15CECD1A22E7052500991091 /* Main.storyboard */ = {
			isa = PBXVariantGroup;
			children = (
				15CECD1B22E7052500991091 /* Base */,
			);
			name = Main.storyboard;
			sourceTree = "<group>";
		};
		15CECD1F22E7052600991091 /* LaunchScreen.storyboard */ = {
			isa = PBXVariantGroup;
			children = (
				15CECD2022E7052600991091 /* Base */,
			);
			name = LaunchScreen.storyboard;
			sourceTree = "<group>";
		};
/* End PBXVariantGroup section */

/* Begin XCBuildConfiguration section */
		15CECD2522E7052600991091 /* Debug */ = {
			isa = XCBuildConfiguration;
			buildSettings = {
				ALWAYS_SEARCH_USER_PATHS = NO;
				CLANG_ANALYZER_NONNULL = YES;
				CLANG_ANALYZER_NUMBER_OBJECT_CONVERSION = YES_AGGRESSIVE;
				CLANG_CXX_LANGUAGE_STANDARD = "gnu++14";
				CLANG_CXX_LIBRARY = "libc++";
				CLANG_ENABLE_MODULES = YES;
				CLANG_ENABLE_OBJC_ARC = YES;
				CLANG_ENABLE_OBJC_WEAK = YES;
				CLANG_WARN_BLOCK_CAPTURE_AUTORELEASING = YES;
				CLANG_WARN_BOOL_CONVERSION = YES;
				CLANG_WARN_COMMA = YES;
				CLANG_WARN_CONSTANT_CONVERSION = YES;
				CLANG_WARN_DEPRECATED_OBJC_IMPLEMENTATIONS = YES;
				CLANG_WARN_DIRECT_OBJC_ISA_USAGE = YES_ERROR;
				CLANG_WARN_DOCUMENTATION_COMMENTS = YES;
				CLANG_WARN_EMPTY_BODY = YES;
				CLANG_WARN_ENUM_CONVERSION = YES;
				CLANG_WARN_INFINITE_RECURSION = YES;
				CLANG_WARN_INT_CONVERSION = YES;
				CLANG_WARN_NON_LITERAL_NULL_CONVERSION = YES;
				CLANG_WARN_OBJC_IMPLICIT_RETAIN_SELF = YES;
				CLANG_WARN_OBJC_LITERAL_CONVERSION = YES;
				CLANG_WARN_OBJC_ROOT_CLASS = YES_ERROR;
				CLANG_WARN_RANGE_LOOP_ANALYSIS = YES;
				CLANG_WARN_STRICT_PROTOTYPES = YES;
				CLANG_WARN_SUSPICIOUS_MOVE = YES;
				CLANG_WARN_UNGUARDED_AVAILABILITY = YES_AGGRESSIVE;
				CLANG_WARN_UNREACHABLE_CODE = YES;
				CLANG_WARN__DUPLICATE_METHOD_MATCH = YES;
				CODE_SIGN_IDENTITY = "iPhone Developer";
				COPY_PHASE_STRIP = NO;
				DEBUG_INFORMATION_FORMAT = dwarf;
				ENABLE_STRICT_OBJC_MSGSEND = YES;
				ENABLE_TESTABILITY = YES;
				GCC_C_LANGUAGE_STANDARD = gnu11;
				GCC_DYNAMIC_NO_PIC = NO;
				GCC_NO_COMMON_BLOCKS = YES;
				GCC_OPTIMIZATION_LEVEL = 0;
				GCC_PREPROCESSOR_DEFINITIONS = (
					"DEBUG=1",
					"$(inherited)",
				);
				GCC_WARN_64_TO_32_BIT_CONVERSION = YES;
				GCC_WARN_ABOUT_RETURN_TYPE = YES_ERROR;
				GCC_WARN_UNDECLARED_SELECTOR = YES;
				GCC_WARN_UNINITIALIZED_AUTOS = YES_AGGRESSIVE;
				GCC_WARN_UNUSED_FUNCTION = YES;
				GCC_WARN_UNUSED_VARIABLE = YES;
				IPHONEOS_DEPLOYMENT_TARGET = 12.4;
				MTL_ENABLE_DEBUG_INFO = INCLUDE_SOURCE;
				MTL_FAST_MATH = YES;
				ONLY_ACTIVE_ARCH = YES;
				SDKROOT = iphoneos;
			};
			name = Debug;
		};
		15CECD2622E7052600991091 /* Release */ = {
			isa = XCBuildConfiguration;
			buildSettings = {
				ALWAYS_SEARCH_USER_PATHS = NO;
				CLANG_ANALYZER_NONNULL = YES;
				CLANG_ANALYZER_NUMBER_OBJECT_CONVERSION = YES_AGGRESSIVE;
				CLANG_CXX_LANGUAGE_STANDARD = "gnu++14";
				CLANG_CXX_LIBRARY = "libc++";
				CLANG_ENABLE_MODULES = YES;
				CLANG_ENABLE_OBJC_ARC = YES;
				CLANG_ENABLE_OBJC_WEAK = YES;
				CLANG_WARN_BLOCK_CAPTURE_AUTORELEASING = YES;
				CLANG_WARN_BOOL_CONVERSION = YES;
				CLANG_WARN_COMMA = YES;
				CLANG_WARN_CONSTANT_CONVERSION = YES;
				CLANG_WARN_DEPRECATED_OBJC_IMPLEMENTATIONS = YES;
				CLANG_WARN_DIRECT_OBJC_ISA_USAGE = YES_ERROR;
				CLANG_WARN_DOCUMENTATION_COMMENTS = YES;
				CLANG_WARN_EMPTY_BODY = YES;
				CLANG_WARN_ENUM_CONVERSION = YES;
				CLANG_WARN_INFINITE_RECURSION = YES;
				CLANG_WARN_INT_CONVERSION = YES;
				CLANG_WARN_NON_LITERAL_NULL_CONVERSION = YES;
				CLANG_WARN_OBJC_IMPLICIT_RETAIN_SELF = YES;
				CLANG_WARN_OBJC_LITERAL_CONVERSION = YES;
				CLANG_WARN_OBJC_ROOT_CLASS = YES_ERROR;
				CLANG_WARN_RANGE_LOOP_ANALYSIS = YES;
				CLANG_WARN_STRICT_PROTOTYPES = YES;
				CLANG_WARN_SUSPICIOUS_MOVE = YES;
				CLANG_WARN_UNGUARDED_AVAILABILITY = YES_AGGRESSIVE;
				CLANG_WARN_UNREACHABLE_CODE = YES;
				CLANG_WARN__DUPLICATE_METHOD_MATCH = YES;
				CODE_SIGN_IDENTITY = "iPhone Developer";
				COPY_PHASE_STRIP = NO;
				DEBUG_INFORMATION_FORMAT = "dwarf-with-dsym";
				ENABLE_NS_ASSERTIONS = NO;
				ENABLE_STRICT_OBJC_MSGSEND = YES;
				GCC_C_LANGUAGE_STANDARD = gnu11;
				GCC_NO_COMMON_BLOCKS = YES;
				GCC_WARN_64_TO_32_BIT_CONVERSION = YES;
				GCC_WARN_ABOUT_RETURN_TYPE = YES_ERROR;
				GCC_WARN_UNDECLARED_SELECTOR = YES;
				GCC_WARN_UNINITIALIZED_AUTOS = YES_AGGRESSIVE;
				GCC_WARN_UNUSED_FUNCTION = YES;
				GCC_WARN_UNUSED_VARIABLE = YES;
				IPHONEOS_DEPLOYMENT_TARGET = 12.4;
				MTL_ENABLE_DEBUG_INFO = NO;
				MTL_FAST_MATH = YES;
				SDKROOT = iphoneos;
				VALIDATE_PRODUCT = YES;
			};
			name = Release;
		};
		15CECD2822E7052600991091 /* Debug */ = {
			isa = XCBuildConfiguration;
			buildSettings = {
				ASSETCATALOG_COMPILER_APPICON_NAME = AppIcon;
				CODE_SIGN_STYLE = Automatic;
				DEVELOPMENT_TEAM = 84JV8F36TK;
				INFOPLIST_FILE = PlayingCard/Info.plist;
				LD_RUNPATH_SEARCH_PATHS = (
					"$(inherited)",
					"@executable_path/Frameworks",
				);
				PRODUCT_BUNDLE_IDENTIFIER = cn.iotguard.PlayingCard;
				PRODUCT_NAME = "$(TARGET_NAME)";
				TARGETED_DEVICE_FAMILY = "1,2";
			};
			name = Debug;
		};
		15CECD2922E7052600991091 /* Release */ = {
			isa = XCBuildConfiguration;
			buildSettings = {
				ASSETCATALOG_COMPILER_APPICON_NAME = AppIcon;
				CODE_SIGN_STYLE = Automatic;
				DEVELOPMENT_TEAM = 84JV8F36TK;
				INFOPLIST_FILE = PlayingCard/Info.plist;
				LD_RUNPATH_SEARCH_PATHS = (
					"$(inherited)",
					"@executable_path/Frameworks",
				);
				PRODUCT_BUNDLE_IDENTIFIER = cn.iotguard.PlayingCard;
				PRODUCT_NAME = "$(TARGET_NAME)";
				TARGETED_DEVICE_FAMILY = "1,2";
			};
			name = Release;
		};
/* End XCBuildConfiguration section */

/* Begin XCConfigurationList section */
		15CECD0C22E7052400991091 /* Build configuration list for PBXProject "PlayingCard" */ = {
			isa = XCConfigurationList;
			buildConfigurations = (
				15CECD2522E7052600991091 /* Debug */,
				15CECD2622E7052600991091 /* Release */,
			);
			defaultConfigurationIsVisible = 0;
			defaultConfigurationName = Release;
		};
		15CECD2722E7052600991091 /* Build configuration list for PBXNativeTarget "PlayingCard" */ = {
			isa = XCConfigurationList;
			buildConfigurations = (
				15CECD2822E7052600991091 /* Debug */,
				15CECD2922E7052600991091 /* Release */,
			);
			defaultConfigurationIsVisible = 0;
			defaultConfigurationName = Release;
		};
/* End XCConfigurationList section */
	};
	rootObject = 15CECD0922E7052400991091 /* Project object */;
}
